
Microsoft Visual Studio Solution File, Format Version 12.00
# Visual Studio Version 17
VisualStudioVersion = 17.2.32630.192
MinimumVisualStudioVersion = 10.0.40219.1
Project("{9A19103F-16F7-4668-BE54-9A1E7A4F7556}") = "StockAPI", "StockAPI\StockAPI.csproj", "{900361D7-54E2-4971-8E6C-19556A52CB2F}"
EndProject
Project("{FAE04EC0-301F-11D3-BF4B-00C04F79EFBC}") = "TestStockAPI", "TestStockAPI\TestStockAPI.csproj", "{48F86684-AA80-4E61-BE1D-17B5190DD63B}"
EndProject
Global
	GlobalSection(SolutionConfigurationPlatforms) = preSolution
		Debug|Any CPU = Debug|Any CPU
		Release|Any CPU = Release|Any CPU
	EndGlobalSection
	GlobalSection(ProjectConfigurationPlatforms) = postSolution
		{900361D7-54E2-4971-8E6C-19556A52CB2F}.Debug|Any CPU.ActiveCfg = Debug|Any CPU
		{900361D7-54E2-4971-8E6C-19556A52CB2F}.Debug|Any CPU.Build.0 = Debug|Any CPU
		{900361D7-54E2-4971-8E6C-19556A52CB2F}.Release|Any CPU.ActiveCfg = Release|Any CPU
		{900361D7-54E2-4971-8E6C-19556A52CB2F}.Release|Any CPU.Build.0 = Release|Any CPU
		{48F86684-AA80-4E61-BE1D-17B5190DD63B}.Debug|Any CPU.ActiveCfg = Debug|Any CPU
		{48F86684-AA80-4E61-BE1D-17B5190DD63B}.Debug|Any CPU.Build.0 = Debug|Any CPU
		{48F86684-AA80-4E61-BE1D-17B5190DD63B}.Release|Any CPU.ActiveCfg = Release|Any CPU
		{48F86684-AA80-4E61-BE1D-17B5190DD63B}.Release|Any CPU.Build.0 = Release|Any CPU
	EndGlobalSection
	GlobalSection(SolutionProperties) = preSolution
		HideSolutionNode = FALSE
	EndGlobalSection
	GlobalSection(ExtensibilityGlobals) = postSolution
		SolutionGuid = {BFA1E643-AC41-48D2-9EC6-EF663E6BCDE9}
	EndGlobalSection
EndGlobal
